
Microsoft Visual Studio Solution File, Format Version 12.00
# Visual Studio Version 16
VisualStudioVersion = 16.0.31605.320
MinimumVisualStudioVersion = 10.0.40219.1
Project("{FAE04EC0-301F-11D3-BF4B-00C04F79EFBC}") = "times.Common", "times.Common\times.Common.csproj", "{7060D3B9-D752-4454-A623-875E82B236DA}"
EndProject
Project("{FAE04EC0-301F-11D3-BF4B-00C04F79EFBC}") = "times.Functions", "times.Functions\times.Functions.csproj", "{C39A4DD8-78B1-4041-98BA-7FE680C23499}"
EndProject
Project("{FAE04EC0-301F-11D3-BF4B-00C04F79EFBC}") = "times.Tests", "times.Tests\times.Tests.csproj", "{9FC6F9A4-831D-4BBF-A5FE-B97AA78CC045}"
EndProject
Global
	GlobalSection(SolutionConfigurationPlatforms) = preSolution
		Debug|Any CPU = Debug|Any CPU
		Release|Any CPU = Release|Any CPU
	EndGlobalSection
	GlobalSection(ProjectConfigurationPlatforms) = postSolution
		{7060D3B9-D752-4454-A623-875E82B236DA}.Debug|Any CPU.ActiveCfg = Debug|Any CPU
		{7060D3B9-D752-4454-A623-875E82B236DA}.Debug|Any CPU.Build.0 = Debug|Any CPU
		{7060D3B9-D752-4454-A623-875E82B236DA}.Release|Any CPU.ActiveCfg = Release|Any CPU
		{7060D3B9-D752-4454-A623-875E82B236DA}.Release|Any CPU.Build.0 = Release|Any CPU
		{C39A4DD8-78B1-4041-98BA-7FE680C23499}.Debug|Any CPU.ActiveCfg = Debug|Any CPU
		{C39A4DD8-78B1-4041-98BA-7FE680C23499}.Debug|Any CPU.Build.0 = Debug|Any CPU
		{C39A4DD8-78B1-4041-98BA-7FE680C23499}.Release|Any CPU.ActiveCfg = Release|Any CPU
		{C39A4DD8-78B1-4041-98BA-7FE680C23499}.Release|Any CPU.Build.0 = Release|Any CPU
		{9FC6F9A4-831D-4BBF-A5FE-B97AA78CC045}.Debug|Any CPU.ActiveCfg = Debug|Any CPU
		{9FC6F9A4-831D-4BBF-A5FE-B97AA78CC045}.Debug|Any CPU.Build.0 = Debug|Any CPU
		{9FC6F9A4-831D-4BBF-A5FE-B97AA78CC045}.Release|Any CPU.ActiveCfg = Release|Any CPU
		{9FC6F9A4-831D-4BBF-A5FE-B97AA78CC045}.Release|Any CPU.Build.0 = Release|Any CPU
	EndGlobalSection
	GlobalSection(SolutionProperties) = preSolution
		HideSolutionNode = FALSE
	EndGlobalSection
	GlobalSection(ExtensibilityGlobals) = postSolution
		SolutionGuid = {8845081F-DDC2-464F-9921-F0DD41C3B2A0}
	EndGlobalSection
EndGlobal
